
Microsoft Visual Studio Solution File, Format Version 12.00
# Visual Studio Version 17
VisualStudioVersion = 17.9.34728.123
MinimumVisualStudioVersion = 10.0.40219.1
Project("{FAE04EC0-301F-11D3-BF4B-00C04F79EFBC}") = "Assignment 1.4.1", "Assignment 1.4.1.csproj", "{230D295F-EFEB-4BD1-9139-60B5C6EE0D08}"
EndProject
Global
	GlobalSection(SolutionConfigurationPlatforms) = preSolution
		Debug|Any CPU = Debug|Any CPU
		Release|Any CPU = Release|Any CPU
	EndGlobalSection
	GlobalSection(ProjectConfigurationPlatforms) = postSolution
		{230D295F-EFEB-4BD1-9139-60B5C6EE0D08}.Debug|Any CPU.ActiveCfg = Debug|Any CPU
		{230D295F-EFEB-4BD1-9139-60B5C6EE0D08}.Debug|Any CPU.Build.0 = Debug|Any CPU
		{230D295F-EFEB-4BD1-9139-60B5C6EE0D08}.Release|Any CPU.ActiveCfg = Release|Any CPU
		{230D295F-EFEB-4BD1-9139-60B5C6EE0D08}.Release|Any CPU.Build.0 = Release|Any CPU
	EndGlobalSection
	GlobalSection(SolutionProperties) = preSolution
		HideSolutionNode = FALSE
	EndGlobalSection
	GlobalSection(ExtensibilityGlobals) = postSolution
		SolutionGuid = {DDCCC86C-6D8C-4567-9258-0199DD145391}
	EndGlobalSection
EndGlobal
