
Microsoft Visual Studio Solution File, Format Version 12.00
# Visual Studio Version 17
VisualStudioVersion = 17.9.34728.123
MinimumVisualStudioVersion = 10.0.40219.1
Project("{FAE04EC0-301F-11D3-BF4B-00C04F79EFBC}") = "Assignment 1.2", "Assignment 1.2.csproj", "{2A4D3802-8EF3-483C-905A-B8965C67FEFB}"
EndProject
Global
	GlobalSection(SolutionConfigurationPlatforms) = preSolution
		Debug|Any CPU = Debug|Any CPU
		Release|Any CPU = Release|Any CPU
	EndGlobalSection
	GlobalSection(ProjectConfigurationPlatforms) = postSolution
		{2A4D3802-8EF3-483C-905A-B8965C67FEFB}.Debug|Any CPU.ActiveCfg = Debug|Any CPU
		{2A4D3802-8EF3-483C-905A-B8965C67FEFB}.Debug|Any CPU.Build.0 = Debug|Any CPU
		{2A4D3802-8EF3-483C-905A-B8965C67FEFB}.Release|Any CPU.ActiveCfg = Release|Any CPU
		{2A4D3802-8EF3-483C-905A-B8965C67FEFB}.Release|Any CPU.Build.0 = Release|Any CPU
	EndGlobalSection
	GlobalSection(SolutionProperties) = preSolution
		HideSolutionNode = FALSE
	EndGlobalSection
	GlobalSection(ExtensibilityGlobals) = postSolution
		SolutionGuid = {1B7C426B-E08C-403D-A16E-6E450C8B435A}
	EndGlobalSection
EndGlobal
