
Microsoft Visual Studio Solution File, Format Version 12.00
# Visual Studio Version 17
VisualStudioVersion = 17.10.34928.147
MinimumVisualStudioVersion = 10.0.40219.1
Project("{FAE04EC0-301F-11D3-BF4B-00C04F79EFBC}") = "Assignment 5.1.2 Sum of Individual Digits", "Assignment 5.1.2 Sum of Individual Digits.csproj", "{9DCD079E-3365-44F8-A077-20B3DCFA2057}"
EndProject
Global
	GlobalSection(SolutionConfigurationPlatforms) = preSolution
		Debug|Any CPU = Debug|Any CPU
		Release|Any CPU = Release|Any CPU
	EndGlobalSection
	GlobalSection(ProjectConfigurationPlatforms) = postSolution
		{9DCD079E-3365-44F8-A077-20B3DCFA2057}.Debug|Any CPU.ActiveCfg = Debug|Any CPU
		{9DCD079E-3365-44F8-A077-20B3DCFA2057}.Debug|Any CPU.Build.0 = Debug|Any CPU
		{9DCD079E-3365-44F8-A077-20B3DCFA2057}.Release|Any CPU.ActiveCfg = Release|Any CPU
		{9DCD079E-3365-44F8-A077-20B3DCFA2057}.Release|Any CPU.Build.0 = Release|Any CPU
	EndGlobalSection
	GlobalSection(SolutionProperties) = preSolution
		HideSolutionNode = FALSE
	EndGlobalSection
	GlobalSection(ExtensibilityGlobals) = postSolution
		SolutionGuid = {A5777EDE-2AB5-4893-A46C-30F7CF4DD896}
	EndGlobalSection
EndGlobal
