
Microsoft Visual Studio Solution File, Format Version 12.00
# Visual Studio Version 17
VisualStudioVersion = 17.10.35027.167
MinimumVisualStudioVersion = 10.0.40219.1
Project("{FAE04EC0-301F-11D3-BF4B-00C04F79EFBC}") = "Assignment 11.1", "Assignment 11.1.csproj", "{DDACF58A-3131-4183-81C3-F7A7750F4DEB}"
EndProject
Global
	GlobalSection(SolutionConfigurationPlatforms) = preSolution
		Debug|Any CPU = Debug|Any CPU
		Release|Any CPU = Release|Any CPU
	EndGlobalSection
	GlobalSection(ProjectConfigurationPlatforms) = postSolution
		{DDACF58A-3131-4183-81C3-F7A7750F4DEB}.Debug|Any CPU.ActiveCfg = Debug|Any CPU
		{DDACF58A-3131-4183-81C3-F7A7750F4DEB}.Debug|Any CPU.Build.0 = Debug|Any CPU
		{DDACF58A-3131-4183-81C3-F7A7750F4DEB}.Release|Any CPU.ActiveCfg = Release|Any CPU
		{DDACF58A-3131-4183-81C3-F7A7750F4DEB}.Release|Any CPU.Build.0 = Release|Any CPU
	EndGlobalSection
	GlobalSection(SolutionProperties) = preSolution
		HideSolutionNode = FALSE
	EndGlobalSection
	GlobalSection(ExtensibilityGlobals) = postSolution
		SolutionGuid = {BEB07D42-0F8F-4A3D-ABB2-68C784C5B09D}
	EndGlobalSection
EndGlobal
