
Microsoft Visual Studio Solution File, Format Version 12.00
# Visual Studio Version 17
VisualStudioVersion = 17.10.34928.147
MinimumVisualStudioVersion = 10.0.40219.1
Project("{FAE04EC0-301F-11D3-BF4B-00C04F79EFBC}") = "Assignment 6.1.1 Implementing A Single Linked List", "Assignment 6.1.1 Implementing A Single Linked List.csproj", "{E76C9965-AD23-4AE9-B47A-61D64E51FDF3}"
EndProject
Global
	GlobalSection(SolutionConfigurationPlatforms) = preSolution
		Debug|Any CPU = Debug|Any CPU
		Release|Any CPU = Release|Any CPU
	EndGlobalSection
	GlobalSection(ProjectConfigurationPlatforms) = postSolution
		{E76C9965-AD23-4AE9-B47A-61D64E51FDF3}.Debug|Any CPU.ActiveCfg = Debug|Any CPU
		{E76C9965-AD23-4AE9-B47A-61D64E51FDF3}.Debug|Any CPU.Build.0 = Debug|Any CPU
		{E76C9965-AD23-4AE9-B47A-61D64E51FDF3}.Release|Any CPU.ActiveCfg = Release|Any CPU
		{E76C9965-AD23-4AE9-B47A-61D64E51FDF3}.Release|Any CPU.Build.0 = Release|Any CPU
	EndGlobalSection
	GlobalSection(SolutionProperties) = preSolution
		HideSolutionNode = FALSE
	EndGlobalSection
	GlobalSection(ExtensibilityGlobals) = postSolution
		SolutionGuid = {BEF8D9E1-D6D4-4222-A700-531CB43103AD}
	EndGlobalSection
EndGlobal
