
Microsoft Visual Studio Solution File, Format Version 12.00
# Visual Studio Version 17
VisualStudioVersion = 17.10.34928.147
MinimumVisualStudioVersion = 10.0.40219.1
Project("{FAE04EC0-301F-11D3-BF4B-00C04F79EFBC}") = "Assignment 7.1.1 Selection Sort", "Assignment 7.1.1 Selection Sort.csproj", "{4D2CB20B-202E-4C4F-8AFB-75A3AB6CC3B2}"
EndProject
Global
	GlobalSection(SolutionConfigurationPlatforms) = preSolution
		Debug|Any CPU = Debug|Any CPU
		Release|Any CPU = Release|Any CPU
	EndGlobalSection
	GlobalSection(ProjectConfigurationPlatforms) = postSolution
		{4D2CB20B-202E-4C4F-8AFB-75A3AB6CC3B2}.Debug|Any CPU.ActiveCfg = Debug|Any CPU
		{4D2CB20B-202E-4C4F-8AFB-75A3AB6CC3B2}.Debug|Any CPU.Build.0 = Debug|Any CPU
		{4D2CB20B-202E-4C4F-8AFB-75A3AB6CC3B2}.Release|Any CPU.ActiveCfg = Release|Any CPU
		{4D2CB20B-202E-4C4F-8AFB-75A3AB6CC3B2}.Release|Any CPU.Build.0 = Release|Any CPU
	EndGlobalSection
	GlobalSection(SolutionProperties) = preSolution
		HideSolutionNode = FALSE
	EndGlobalSection
	GlobalSection(ExtensibilityGlobals) = postSolution
		SolutionGuid = {61031D85-6A37-43EF-BC86-99B1E9813059}
	EndGlobalSection
EndGlobal
