
Microsoft Visual Studio Solution File, Format Version 12.00
# Visual Studio Version 17
VisualStudioVersion = 17.9.34902.65
MinimumVisualStudioVersion = 10.0.40219.1
Project("{FAE04EC0-301F-11D3-BF4B-00C04F79EFBC}") = "Assignment 4.1.2", "Assignment 4.1.2.csproj", "{44E66EE3-4B1A-4201-AD53-745827688847}"
EndProject
Global
	GlobalSection(SolutionConfigurationPlatforms) = preSolution
		Debug|Any CPU = Debug|Any CPU
		Release|Any CPU = Release|Any CPU
	EndGlobalSection
	GlobalSection(ProjectConfigurationPlatforms) = postSolution
		{44E66EE3-4B1A-4201-AD53-745827688847}.Debug|Any CPU.ActiveCfg = Debug|Any CPU
		{44E66EE3-4B1A-4201-AD53-745827688847}.Debug|Any CPU.Build.0 = Debug|Any CPU
		{44E66EE3-4B1A-4201-AD53-745827688847}.Release|Any CPU.ActiveCfg = Release|Any CPU
		{44E66EE3-4B1A-4201-AD53-745827688847}.Release|Any CPU.Build.0 = Release|Any CPU
	EndGlobalSection
	GlobalSection(SolutionProperties) = preSolution
		HideSolutionNode = FALSE
	EndGlobalSection
	GlobalSection(ExtensibilityGlobals) = postSolution
		SolutionGuid = {1AB38E91-9330-4A9B-A16D-E85E4A9989AC}
	EndGlobalSection
EndGlobal
