
Microsoft Visual Studio Solution File, Format Version 12.00
# Visual Studio Version 17
VisualStudioVersion = 17.10.34928.147
MinimumVisualStudioVersion = 10.0.40219.1
Project("{FAE04EC0-301F-11D3-BF4B-00C04F79EFBC}") = "Assignment 7.3", "Assignment 7.3.csproj", "{66C50AC4-E61B-4751-9F64-77485CB5F940}"
EndProject
Global
	GlobalSection(SolutionConfigurationPlatforms) = preSolution
		Debug|Any CPU = Debug|Any CPU
		Release|Any CPU = Release|Any CPU
	EndGlobalSection
	GlobalSection(ProjectConfigurationPlatforms) = postSolution
		{66C50AC4-E61B-4751-9F64-77485CB5F940}.Debug|Any CPU.ActiveCfg = Debug|Any CPU
		{66C50AC4-E61B-4751-9F64-77485CB5F940}.Debug|Any CPU.Build.0 = Debug|Any CPU
		{66C50AC4-E61B-4751-9F64-77485CB5F940}.Release|Any CPU.ActiveCfg = Release|Any CPU
		{66C50AC4-E61B-4751-9F64-77485CB5F940}.Release|Any CPU.Build.0 = Release|Any CPU
	EndGlobalSection
	GlobalSection(SolutionProperties) = preSolution
		HideSolutionNode = FALSE
	EndGlobalSection
	GlobalSection(ExtensibilityGlobals) = postSolution
		SolutionGuid = {FFA6C299-33E6-472C-9DCB-24378EFE067F}
	EndGlobalSection
EndGlobal
