
Microsoft Visual Studio Solution File, Format Version 12.00
# Visual Studio Version 17
VisualStudioVersion = 17.10.34928.147
MinimumVisualStudioVersion = 10.0.40219.1
Project("{FAE04EC0-301F-11D3-BF4B-00C04F79EFBC}") = "Assignment 6.2.1", "Assignment 6.2.1.csproj", "{E7770769-8209-47AC-B6E4-D4AAA61B756C}"
EndProject
Global
	GlobalSection(SolutionConfigurationPlatforms) = preSolution
		Debug|Any CPU = Debug|Any CPU
		Release|Any CPU = Release|Any CPU
	EndGlobalSection
	GlobalSection(ProjectConfigurationPlatforms) = postSolution
		{E7770769-8209-47AC-B6E4-D4AAA61B756C}.Debug|Any CPU.ActiveCfg = Debug|Any CPU
		{E7770769-8209-47AC-B6E4-D4AAA61B756C}.Debug|Any CPU.Build.0 = Debug|Any CPU
		{E7770769-8209-47AC-B6E4-D4AAA61B756C}.Release|Any CPU.ActiveCfg = Release|Any CPU
		{E7770769-8209-47AC-B6E4-D4AAA61B756C}.Release|Any CPU.Build.0 = Release|Any CPU
	EndGlobalSection
	GlobalSection(SolutionProperties) = preSolution
		HideSolutionNode = FALSE
	EndGlobalSection
	GlobalSection(ExtensibilityGlobals) = postSolution
		SolutionGuid = {9E85FF08-F58E-4C1C-BA72-86A3ECEDB314}
	EndGlobalSection
EndGlobal
